<?xml version="1.0" encoding="utf-8"?>
<Project ToolsVersion="4.0" xmlns="http://schemas.microsoft.com/developer/msbuild/2003">
  <ItemGroup>
    <Filter Include="Source Files">
      <UniqueIdentifier>{4FC737F1-C7A5-4376-A066-2A32D752A2FF}</UniqueIdentifier>
      <Extensions>cpp;c;cc;cxx;c++;cppm;ixx;def;odl;idl;hpj;bat;asm;asmx</Extensions>
    </Filter>
    <Filter Include="Header Files">
      <UniqueIdentifier>{93995380-89BD-4b04-88EB-625FBE52EBFB}</UniqueIdentifier>
      <Extensions>h;hh;hpp;hxx;h++;hm;inl;inc;ipp;xsd</Extensions>
    </Filter>
    <Filter Include="Resource Files">
      <UniqueIdentifier>{67DA6AB6-F800-4c08-8B7A-83BB121AAD01}</UniqueIdentifier>
      <Extensions>rc;ico;cur;bmp;dlg;rc2;rct;bin;rgs;gif;jpg;jpeg;jpe;resx;tiff;tif;png;wav;mfcribbon-ms</Extensions>
    </Filter>
    <Filter Include="Source Files\gui">
      <UniqueIdentifier>{2c5cc62a-acdf-4d09-904c-eecc0d11392f}</UniqueIdentifier>
    </Filter>
    <Filter Include="Source Files\entites">
      <UniqueIdentifier>{df081aa1-5c8c-49bf-82a2-bcc78062f6d8}</UniqueIdentifier>
    </Filter>
    <Filter Include="Source Files\components">
      <UniqueIdentifier>{b9e78ef9-7f62-422e-9e39-100ba763eef2}</UniqueIdentifier>
    </Filter>
    <Filter Include="Source Files\map">
      <UniqueIdentifier>{5f3a31d2-e42e-4039-8f0a-95d59768c33b}</UniqueIdentifier>
    </Filter>
    <Filter Include="Source Files\states">
      <UniqueIdentifier>{72873d36-043f-4002-a2a8-007f872b5491}</UniqueIdentifier>
    </Filter>
    <Filter Include="Source Files\tile">
      <UniqueIdentifier>{9168288e-14b6-41e6-bc27-7502435f0fb3}</UniqueIdentifier>
    </Filter>
    <Filter Include="Source Files\core">
      <UniqueIdentifier>{4934100c-0f5e-438b-81a8-0aab454570ff}</UniqueIdentifier>
    </Filter>
  </ItemGroup>
  <ItemGroup>
    <ClCompile Include="AnimationComponent.cpp">
      <Filter>Source Files\components</Filter>
    </ClCompile>
    <ClCompile Include="HitboxComponent.cpp">
      <Filter>Source Files\components</Filter>
    </ClCompile>
    <ClCompile Include="MovementComponent.cpp">
      <Filter>Source Files\components</Filter>
    </ClCompile>
    <ClCompile Include="main.cpp">
      <Filter>Source Files\core</Filter>
    </ClCompile>
    <ClCompile Include="Game.cpp">
      <Filter>Source Files\core</Filter>
    </ClCompile>
    <ClCompile Include="GraphicsSettings.cpp">
      <Filter>Source Files\core</Filter>
    </ClCompile>
    <ClCompile Include="Entity.cpp">
      <Filter>Source Files\entites</Filter>
    </ClCompile>
    <ClCompile Include="Player.cpp">
      <Filter>Source Files\entites</Filter>
    </ClCompile>
    <ClCompile Include="Gui.cpp">
      <Filter>Source Files\gui</Filter>
    </ClCompile>
    <ClCompile Include="PauseMenu.cpp">
      <Filter>Source Files\gui</Filter>
    </ClCompile>
    <ClCompile Include="TileMap.cpp">
      <Filter>Source Files\map</Filter>
    </ClCompile>
    <ClCompile Include="Tile.cpp">
      <Filter>Source Files\tile</Filter>
    </ClCompile>
    <ClCompile Include="EditorState.cpp">
      <Filter>Source Files\states</Filter>
    </ClCompile>
    <ClCompile Include="GameState.cpp">
      <Filter>Source Files\states</Filter>
    </ClCompile>
    <ClCompile Include="MainMenuState.cpp">
      <Filter>Source Files\states</Filter>
    </ClCompile>
    <ClCompile Include="SettingsState.cpp">
      <Filter>Source Files\states</Filter>
    </ClCompile>
    <ClCompile Include="State.cpp">
      <Filter>Source Files\states</Filter>
    </ClCompile>
  </ItemGroup>
  <ItemGroup>
    <ClInclude Include="AnimationComponent.h">
      <Filter>Source Files\components</Filter>
    </ClInclude>
    <ClInclude Include="HitboxComponent.h">
      <Filter>Source Files\components</Filter>
    </ClInclude>
    <ClInclude Include="MovementComponent.h">
      <Filter>Source Files\components</Filter>
    </ClInclude>
    <ClInclude Include="Game.h">
      <Filter>Source Files\core</Filter>
    </ClInclude>
    <ClInclude Include="GraphicsSettings.h">
      <Filter>Source Files\core</Filter>
    </ClInclude>
    <ClInclude Include="Entity.h">
      <Filter>Source Files\entites</Filter>
    </ClInclude>
    <ClInclude Include="Player.h">
      <Filter>Source Files\entites</Filter>
    </ClInclude>
    <ClInclude Include="Gui.h">
      <Filter>Source Files\gui</Filter>
    </ClInclude>
    <ClInclude Include="PauseMenu.h">
      <Filter>Source Files\gui</Filter>
    </ClInclude>
    <ClInclude Include="TileMap.h">
      <Filter>Source Files\map</Filter>
    </ClInclude>
    <ClInclude Include="Tile.h">
      <Filter>Source Files\tile</Filter>
    </ClInclude>
    <ClInclude Include="EditorState.h">
      <Filter>Source Files\states</Filter>
    </ClInclude>
    <ClInclude Include="GameState.h">
      <Filter>Source Files\states</Filter>
    </ClInclude>
    <ClInclude Include="MainMenuState.h">
      <Filter>Source Files\states</Filter>
    </ClInclude>
    <ClInclude Include="SettingsState.h">
      <Filter>Source Files\states</Filter>
    </ClInclude>
    <ClInclude Include="State.h">
      <Filter>Source Files\states</Filter>
    </ClInclude>
  </ItemGroup>
</Project>